Microsoft Visual Studio Solution File, Format Version 12.00
# Visual Studio Version 17
VisualStudioVersion = 17.5.2.0
MinimumVisualStudioVersion = 10.0.40219.1
Project("{FAE04EC0-301F-11D3-BF4B-00C04F79EFBC}") = "yt-dlp-dnd", "yt-dlp-dnd\yt-dlp-dnd.csproj", "{BED6C86A-26C9-2047-1BFF-8F65CC2FBDA9}"
EndProject
Global
	GlobalSection(SolutionConfigurationPlatforms) = preSolution
		Debug|Any CPU = Debug|Any CPU
		Release|Any CPU = Release|Any CPU
	EndGlobalSection
	GlobalSection(ProjectConfigurationPlatforms) = postSolution
		{BED6C86A-26C9-2047-1BFF-8F65CC2FBDA9}.Debug|Any CPU.ActiveCfg = Debug|Any CPU
		{BED6C86A-26C9-2047-1BFF-8F65CC2FBDA9}.Debug|Any CPU.Build.0 = Debug|Any CPU
		{BED6C86A-26C9-2047-1BFF-8F65CC2FBDA9}.Release|Any CPU.ActiveCfg = Release|Any CPU
		{BED6C86A-26C9-2047-1BFF-8F65CC2FBDA9}.Release|Any CPU.Build.0 = Release|Any CPU
	EndGlobalSection
	GlobalSection(SolutionProperties) = preSolution
		HideSolutionNode = FALSE
	EndGlobalSection
	GlobalSection(ExtensibilityGlobals) = postSolution
		SolutionGuid = {025AD27B-54CA-4304-9EE4-F30918613ECA}
	EndGlobalSection
EndGlobal
